
Microsoft Visual Studio Solution File, Format Version 12.00
# Visual Studio 15
VisualStudioVersion = 15.0.28307.539
MinimumVisualStudioVersion = 10.0.40219.1
Project("{FAE04EC0-301F-11D3-BF4B-00C04F79EFBC}") = "JumpToHint", "JumpToHint\JumpToHint.csproj", "{94436C36-A6EC-450F-9492-B31B892228E5}"
EndProject
Global
	GlobalSection(SolutionConfigurationPlatforms) = preSolution
		Debug|Any CPU = Debug|Any CPU
		Release|Any CPU = Release|Any CPU
	EndGlobalSection
	GlobalSection(ProjectConfigurationPlatforms) = postSolution
		{94436C36-A6EC-450F-9492-B31B892228E5}.Debug|Any CPU.ActiveCfg = Debug|Any CPU
		{94436C36-A6EC-450F-9492-B31B892228E5}.Debug|Any CPU.Build.0 = Debug|Any CPU
		{94436C36-A6EC-450F-9492-B31B892228E5}.Release|Any CPU.ActiveCfg = Release|Any CPU
		{94436C36-A6EC-450F-9492-B31B892228E5}.Release|Any CPU.Build.0 = Release|Any CPU
	EndGlobalSection
	GlobalSection(SolutionProperties) = preSolution
		HideSolutionNode = FALSE
	EndGlobalSection
	GlobalSection(ExtensibilityGlobals) = postSolution
		SolutionGuid = {CC191F00-E47A-433B-8550-58383FB2D9E9}
	EndGlobalSection
EndGlobal
